<?xml version="1.0" encoding="utf-8"?>
<Project ToolsVersion="4.0" xmlns="http://schemas.microsoft.com/developer/msbuild/2003">
  <ItemGroup>
    <Filter Include="Source Files">
      <UniqueIdentifier>{4FC737F1-C7A5-4376-A066-2A32D752A2FF}</UniqueIdentifier>
      <Extensions>cpp;c;cc;cxx;c++;cppm;ixx;def;odl;idl;hpj;bat;asm;asmx</Extensions>
    </Filter>
    <Filter Include="Header Files">
      <UniqueIdentifier>{93995380-89BD-4b04-88EB-625FBE52EBFB}</UniqueIdentifier>
      <Extensions>h;hh;hpp;hxx;h++;hm;inl;inc;ipp;xsd</Extensions>
    </Filter>
    <Filter Include="Resource Files">
      <UniqueIdentifier>{67DA6AB6-F800-4c08-8B7A-83BB121AAD01}</UniqueIdentifier>
      <Extensions>rc;ico;cur;bmp;dlg;rc2;rct;bin;rgs;gif;jpg;jpeg;jpe;resx;tiff;tif;png;wav;mfcribbon-ms</Extensions>
    </Filter>
    <Filter Include="Header Files\namespace  chess">
      <UniqueIdentifier>{536e37ef-1de4-488e-b2f4-e5b0af23aa0c}</UniqueIdentifier>
    </Filter>
    <Filter Include="Source Files\namespace chess">
      <UniqueIdentifier>{c730fc92-3a0c-48a6-99b3-eb349ce4fe1d}</UniqueIdentifier>
    </Filter>
    <Filter Include="Header Files\texture classes">
      <UniqueIdentifier>{8c7dffd1-a765-4555-b97d-fcfde4dd1d54}</UniqueIdentifier>
    </Filter>
    <Filter Include="Source Files\texture classes">
      <UniqueIdentifier>{b2c82367-3b72-4856-bfc6-fcd54f0c41ed}</UniqueIdentifier>
    </Filter>
    <Filter Include="Header Files\AI">
      <UniqueIdentifier>{7326a4ce-515c-46db-825e-1bda64a7400b}</UniqueIdentifier>
    </Filter>
    <Filter Include="Header Files\AI\namespace heuristic">
      <UniqueIdentifier>{c77e0030-c461-48ee-8c80-fd00b9d65a3c}</UniqueIdentifier>
    </Filter>
    <Filter Include="Source Files\namespace AI">
      <UniqueIdentifier>{22dbe2f8-ac86-450f-9f5f-14e41b4d492e}</UniqueIdentifier>
    </Filter>
  </ItemGroup>
  <ItemGroup>
    <ClCompile Include="src\BoardState.cpp">
      <Filter>Source Files\namespace chess</Filter>
    </ClCompile>
    <ClCompile Include="src\GameState.cpp">
      <Filter>Source Files\namespace chess</Filter>
    </ClCompile>
    <ClCompile Include="src\PieceTextures.cpp">
      <Filter>Source Files\texture classes</Filter>
    </ClCompile>
    <ClCompile Include="src\TextureList.cpp">
      <Filter>Source Files\texture classes</Filter>
    </ClCompile>
    <ClCompile Include="src\Background.cpp">
      <Filter>Source Files\texture classes</Filter>
    </ClCompile>
    <ClCompile Include="src\Board.cpp">
      <Filter>Source Files\texture classes</Filter>
    </ClCompile>
    <ClCompile Include="src\Button.cpp">
      <Filter>Source Files\texture classes</Filter>
    </ClCompile>
    <ClCompile Include="src\GameRenderer.cpp">
      <Filter>Source Files</Filter>
    </ClCompile>
    <ClCompile Include="src\main.cpp">
      <Filter>Source Files</Filter>
    </ClCompile>
    <ClCompile Include="src\SDLHandler.cpp">
      <Filter>Source Files</Filter>
    </ClCompile>
    <ClCompile Include="src\ButtonFunctions.cpp">
      <Filter>Source Files</Filter>
    </ClCompile>
    <ClCompile Include="src\MoveGen.cpp">
      <Filter>Source Files\namespace chess</Filter>
    </ClCompile>
    <ClCompile Include="src\zectoide.cpp">
      <Filter>Source Files\namespace AI</Filter>
    </ClCompile>
  </ItemGroup>
  <ItemGroup>
    <ClInclude Include="include\BitBoard.h">
      <Filter>Header Files\namespace  chess</Filter>
    </ClInclude>
    <ClInclude Include="include\BoardState.h">
      <Filter>Header Files\namespace  chess</Filter>
    </ClInclude>
    <ClInclude Include="include\Move.h">
      <Filter>Header Files\namespace  chess</Filter>
    </ClInclude>
    <ClInclude Include="include\MoveList.h">
      <Filter>Header Files\namespace  chess</Filter>
    </ClInclude>
    <ClInclude Include="include\HexConstants.h">
      <Filter>Header Files\namespace  chess</Filter>
    </ClInclude>
    <ClInclude Include="include\GameState.h">
      <Filter>Header Files\namespace  chess</Filter>
    </ClInclude>
    <ClInclude Include="include\Background.h">
      <Filter>Header Files\texture classes</Filter>
    </ClInclude>
    <ClInclude Include="include\Board.h">
      <Filter>Header Files\texture classes</Filter>
    </ClInclude>
    <ClInclude Include="include\PieceTextures.h">
      <Filter>Header Files\texture classes</Filter>
    </ClInclude>
    <ClInclude Include="include\TextureList.h">
      <Filter>Header Files\texture classes</Filter>
    </ClInclude>
    <ClInclude Include="include\Button.h">
      <Filter>Header Files\texture classes</Filter>
    </ClInclude>
    <ClInclude Include="include\ButtonFunctions.h">
      <Filter>Header Files</Filter>
    </ClInclude>
    <ClInclude Include="include\SDLHandler.h">
      <Filter>Header Files</Filter>
    </ClInclude>
    <ClInclude Include="include\zectoide.h">
      <Filter>Header Files\AI</Filter>
    </ClInclude>
    <ClInclude Include="include\heuristics.h">
      <Filter>Header Files\AI\namespace heuristic</Filter>
    </ClInclude>
    <ClInclude Include="include\GameRenderer.h">
      <Filter>Header Files</Filter>
    </ClInclude>
  </ItemGroup>
</Project>